
Microsoft Visual Studio Solution File, Format Version 12.00
# Visual Studio Version 17
VisualStudioVersion = 17.5.33424.131
MinimumVisualStudioVersion = 10.0.40219.1
Project("{FAE04EC0-301F-11D3-BF4B-00C04F79EFBC}") = "LAB5", "LAB5.csproj", "{31FE4E4C-2846-4F40-A494-12E283E52A61}"
EndProject
Global
	GlobalSection(SolutionConfigurationPlatforms) = preSolution
		Debug|Any CPU = Debug|Any CPU
		Release|Any CPU = Release|Any CPU
	EndGlobalSection
	GlobalSection(ProjectConfigurationPlatforms) = postSolution
		{31FE4E4C-2846-4F40-A494-12E283E52A61}.Debug|Any CPU.ActiveCfg = Debug|Any CPU
		{31FE4E4C-2846-4F40-A494-12E283E52A61}.Debug|Any CPU.Build.0 = Debug|Any CPU
		{31FE4E4C-2846-4F40-A494-12E283E52A61}.Release|Any CPU.ActiveCfg = Release|Any CPU
		{31FE4E4C-2846-4F40-A494-12E283E52A61}.Release|Any CPU.Build.0 = Release|Any CPU
	EndGlobalSection
	GlobalSection(SolutionProperties) = preSolution
		HideSolutionNode = FALSE
	EndGlobalSection
	GlobalSection(ExtensibilityGlobals) = postSolution
		SolutionGuid = {C1DBC0BD-2A14-452E-A88E-5B1C2C45505F}
	EndGlobalSection
EndGlobal
